
Microsoft Visual Studio Solution File, Format Version 12.00
# Visual Studio Version 17
VisualStudioVersion = 17.9.34728.123
MinimumVisualStudioVersion = 10.0.40219.1
Project("{FAE04EC0-301F-11D3-BF4B-00C04F79EFBC}") = "GestaoDeTarefas", "GestaoDeTarefas.csproj", "{0FC2A8FE-D0E6-4FEF-8735-018E7EEB5626}"
EndProject
Global
	GlobalSection(SolutionConfigurationPlatforms) = preSolution
		Debug|Any CPU = Debug|Any CPU
		Release|Any CPU = Release|Any CPU
	EndGlobalSection
	GlobalSection(ProjectConfigurationPlatforms) = postSolution
		{0FC2A8FE-D0E6-4FEF-8735-018E7EEB5626}.Debug|Any CPU.ActiveCfg = Debug|Any CPU
		{0FC2A8FE-D0E6-4FEF-8735-018E7EEB5626}.Debug|Any CPU.Build.0 = Debug|Any CPU
		{0FC2A8FE-D0E6-4FEF-8735-018E7EEB5626}.Debug|Any CPU.Deploy.0 = Debug|Any CPU
		{0FC2A8FE-D0E6-4FEF-8735-018E7EEB5626}.Release|Any CPU.ActiveCfg = Release|Any CPU
		{0FC2A8FE-D0E6-4FEF-8735-018E7EEB5626}.Release|Any CPU.Build.0 = Release|Any CPU
		{0FC2A8FE-D0E6-4FEF-8735-018E7EEB5626}.Release|Any CPU.Deploy.0 = Release|Any CPU
	EndGlobalSection
	GlobalSection(SolutionProperties) = preSolution
		HideSolutionNode = FALSE
	EndGlobalSection
	GlobalSection(ExtensibilityGlobals) = postSolution
		SolutionGuid = {DE5B6CD9-4B01-444B-892C-B65513B3A6BF}
	EndGlobalSection
EndGlobal
